{
    "_meta": {
        "hash": {
            "sha256": "62cceaf047610890385775979026c0305f56bdef8874e7c4fcd38c990b17d2cf"
        },
        "pipfile-spec": 6,
        "requires": {
            "python_version": "3.10"
        },
        "sources": [
            {
                "name": "pypi",
                "url": "https://pypi.org/simple",
                "verify_ssl": true
            }
        ]
    },
    "default": {
        "sklearn": {
            "hashes": [
                "sha256:76b9ed1623775168657b86b5fe966d45752e5c87f528de6240c38923b94147c5"
            ],
            "index": "pypi",
            "version": "==0.0.post1"
        }
    },
    "develop": {}
}
